// !$*UTF8*$!
{
	archiveVersion = 1;
	classes = {
	};
	objectVersion = 46;
	objects = {

/* Begin PBXBuildFile section */
		74074A991C181BAF00F6023B /* PlanBoardStoryBoard.storyboard in Resources */ = {isa = PBXBuildFile; fileRef = 74074A981C181BAF00F6023B /* PlanBoardStoryBoard.storyboard */; };
		74074AA11C18287400F6023B /* MatchListViewController.m in Sources */ = {isa = PBXBuildFile; fileRef = 74074AA01C18287400F6023B /* MatchListViewController.m */; };
		74074AA71C18313000F6023B /* PBNavigationViewController.m in Sources */ = {isa = PBXBuildFile; fileRef = 74074AA61C18313000F6023B /* PBNavigationViewController.m */; };
		74074AAA1C18334400F6023B /* RootTabBarViewController.m in Sources */ = {isa = PBXBuildFile; fileRef = 74074AA91C18334400F6023B /* RootTabBarViewController.m */; };
		74074AAF1C188DAC00F6023B /* LoginTableViewController.m in Sources */ = {isa = PBXBuildFile; fileRef = 74074AAD1C188DAC00F6023B /* LoginTableViewController.m */; };
		74074AB01C188DAC00F6023B /* LoginTableViewController.xib in Resources */ = {isa = PBXBuildFile; fileRef = 74074AAE1C188DAC00F6023B /* LoginTableViewController.xib */; };
		74074AB41C18975600F6023B /* UserNameTableViewCell.m in Sources */ = {isa = PBXBuildFile; fileRef = 74074AB21C18975600F6023B /* UserNameTableViewCell.m */; };
		74074AB51C18975600F6023B /* UserNameTableViewCell.xib in Resources */ = {isa = PBXBuildFile; fileRef = 74074AB31C18975600F6023B /* UserNameTableViewCell.xib */; };
		74074AB91C18977000F6023B /* PasswordTableViewCell.m in Sources */ = {isa = PBXBuildFile; fileRef = 74074AB71C18977000F6023B /* PasswordTableViewCell.m */; };
		74074ABA1C18977000F6023B /* PasswordTableViewCell.xib in Resources */ = {isa = PBXBuildFile; fileRef = 74074AB81C18977000F6023B /* PasswordTableViewCell.xib */; };
		74448D2F1BAAE3A100B95B9F /* main.m in Sources */ = {isa = PBXBuildFile; fileRef = 74448D2E1BAAE3A100B95B9F /* main.m */; };
		74448D321BAAE3A100B95B9F /* AppDelegate.m in Sources */ = {isa = PBXBuildFile; fileRef = 74448D311BAAE3A100B95B9F /* AppDelegate.m */; };
		74448D351BAAE3A100B95B9F /* ViewController.m in Sources */ = {isa = PBXBuildFile; fileRef = 74448D341BAAE3A100B95B9F /* ViewController.m */; };
		74448D3A1BAAE3A100B95B9F /* Images.xcassets in Resources */ = {isa = PBXBuildFile; fileRef = 74448D391BAAE3A100B95B9F /* Images.xcassets */; };
		74448D3D1BAAE3A100B95B9F /* LaunchScreen.xib in Resources */ = {isa = PBXBuildFile; fileRef = 74448D3B1BAAE3A100B95B9F /* LaunchScreen.xib */; };
		74448D491BAAE3A100B95B9F /* PlanBoardDemoTests.m in Sources */ = {isa = PBXBuildFile; fileRef = 74448D481BAAE3A100B95B9F /* PlanBoardDemoTests.m */; };
		74448D891BAAE45200B95B9F /* UIKit.framework in Frameworks */ = {isa = PBXBuildFile; fileRef = 74448D881BAAE45200B95B9F /* UIKit.framework */; };
		74448D8B1BAAE46200B95B9F /* CoreImage.framework in Frameworks */ = {isa = PBXBuildFile; fileRef = 74448D8A1BAAE46200B95B9F /* CoreImage.framework */; };
		74448D8D1BAAE47900B95B9F /* Foundation.framework in Frameworks */ = {isa = PBXBuildFile; fileRef = 74448D8C1BAAE47900B95B9F /* Foundation.framework */; };
		74448DA91BAC027400B95B9F /* Default-568h@2x.png in Resources */ = {isa = PBXBuildFile; fileRef = 74448DA81BAC027400B95B9F /* Default-568h@2x.png */; };
		74448DD41BAC02AD00B95B9F /* ACEDrawingTools.m in Sources */ = {isa = PBXBuildFile; fileRef = 74448DAC1BAC02AD00B95B9F /* ACEDrawingTools.m */; };
		74448DD51BAC02AD00B95B9F /* ACEDrawingView.m in Sources */ = {isa = PBXBuildFile; fileRef = 74448DAE1BAC02AD00B95B9F /* ACEDrawingView.m */; };
		74448DD61BAC02AD00B95B9F /* LZXAudioRecordAndTransCoding.m in Sources */ = {isa = PBXBuildFile; fileRef = 74448DB01BAC02AD00B95B9F /* LZXAudioRecordAndTransCoding.m */; };
		74448DD71BAC02AD00B95B9F /* HMSideMenu.m in Sources */ = {isa = PBXBuildFile; fileRef = 74448DB31BAC02AD00B95B9F /* HMSideMenu.m */; };
		74448DD81BAC02AD00B95B9F /* PlayersManager.m in Sources */ = {isa = PBXBuildFile; fileRef = 74448DB61BAC02AD00B95B9F /* PlayersManager.m */; };
		74448DD91BAC02AD00B95B9F /* RCDraggableButton.m in Sources */ = {isa = PBXBuildFile; fileRef = 74448DB81BAC02AD00B95B9F /* RCDraggableButton.m */; };
		74448DDA1BAC02AD00B95B9F /* PlayGroundViewController.m in Sources */ = {isa = PBXBuildFile; fileRef = 74448DBA1BAC02AD00B95B9F /* PlayGroundViewController.m */; };
		74448DDB1BAC02AD00B95B9F /* icon_add_against.png in Resources */ = {isa = PBXBuildFile; fileRef = 74448DBE1BAC02AD00B95B9F /* icon_add_against.png */; };
		74448DDC1BAC02AD00B95B9F /* icon_add_our.png in Resources */ = {isa = PBXBuildFile; fileRef = 74448DBF1BAC02AD00B95B9F /* icon_add_our.png */; };
		74448DDD1BAC02AD00B95B9F /* icon_addPlayer.png in Resources */ = {isa = PBXBuildFile; fileRef = 74448DC01BAC02AD00B95B9F /* icon_addPlayer.png */; };
		74448DDE1BAC02AD00B95B9F /* icon_desc_against.png in Resources */ = {isa = PBXBuildFile; fileRef = 74448DC11BAC02AD00B95B9F /* icon_desc_against.png */; };
		74448DDF1BAC02AD00B95B9F /* icon_desc_our.png in Resources */ = {isa = PBXBuildFile; fileRef = 74448DC21BAC02AD00B95B9F /* icon_desc_our.png */; };
		74448DE01BAC02AD00B95B9F /* icon_football.png in Resources */ = {isa = PBXBuildFile; fileRef = 74448DC31BAC02AD00B95B9F /* icon_football.png */; };
		74448DE11BAC02AD00B95B9F /* icon_Pan.png in Resources */ = {isa = PBXBuildFile; fileRef = 74448DC41BAC02AD00B95B9F /* icon_Pan.png */; };
		74448DE21BAC02AD00B95B9F /* icon_record.png in Resources */ = {isa = PBXBuildFile; fileRef = 74448DC51BAC02AD00B95B9F /* icon_record.png */; };
		74448DE31BAC02AD00B95B9F /* icon_redo.png in Resources */ = {isa = PBXBuildFile; fileRef = 74448DC61BAC02AD00B95B9F /* icon_redo.png */; };
		74448DE41BAC02AD00B95B9F /* icon_stopRecord.png in Resources */ = {isa = PBXBuildFile; fileRef = 74448DC71BAC02AD00B95B9F /* icon_stopRecord.png */; };
		74448DE51BAC02AD00B95B9F /* icon_undo.png in Resources */ = {isa = PBXBuildFile; fileRef = 74448DC81BAC02AD00B95B9F /* icon_undo.png */; };
		74448DE61BAC02AD00B95B9F /* img_playGround.jpg in Resources */ = {isa = PBXBuildFile; fileRef = 74448DC91BAC02AD00B95B9F /* img_playGround.jpg */; };
		74448DE71BAC02AD00B95B9F /* blueShirt.png in Resources */ = {isa = PBXBuildFile; fileRef = 74448DCB1BAC02AD00B95B9F /* blueShirt.png */; };
		74448DE81BAC02AD00B95B9F /* redShirt.png in Resources */ = {isa = PBXBuildFile; fileRef = 74448DCC1BAC02AD00B95B9F /* redShirt.png */; };
		74448DE91BAC02AD00B95B9F /* RecordManager.m in Sources */ = {isa = PBXBuildFile; fileRef = 74448DCF1BAC02AD00B95B9F /* RecordManager.m */; };
		74448DEA1BAC02AD00B95B9F /* THCapture.m in Sources */ = {isa = PBXBuildFile; fileRef = 74448DD11BAC02AD00B95B9F /* THCapture.m */; };
		74448DEB1BAC02AD00B95B9F /* THCaptureUtilities.m in Sources */ = {isa = PBXBuildFile; fileRef = 74448DD31BAC02AD00B95B9F /* THCaptureUtilities.m */; };
		74448DF41BAC0C9F00B95B9F /* libMobClickLibrary.a in Frameworks */ = {isa = PBXBuildFile; fileRef = 74448DF11BAC0C9F00B95B9F /* libMobClickLibrary.a */; };
		744A37741BC3EB3F0007AB29 /* CALayer+ColorFromUIColor.m in Sources */ = {isa = PBXBuildFile; fileRef = 744A37731BC3EB3F0007AB29 /* CALayer+ColorFromUIColor.m */; };
		744A37761BC50AEE0007AB29 /* libicucore.tbd in Frameworks */ = {isa = PBXBuildFile; fileRef = 744A37751BC50AED0007AB29 /* libicucore.tbd */; };
		744A37781BC50B060007AB29 /* MessageUI.framework in Frameworks */ = {isa = PBXBuildFile; fileRef = 744A37771BC50B060007AB29 /* MessageUI.framework */; };
		744A377B1BC50B200007AB29 /* AddressBook.framework in Frameworks */ = {isa = PBXBuildFile; fileRef = 744A37791BC50B200007AB29 /* AddressBook.framework */; };
		744A377C1BC50B200007AB29 /* AddressBookUI.framework in Frameworks */ = {isa = PBXBuildFile; fileRef = 744A377A1BC50B200007AB29 /* AddressBookUI.framework */; };
		744A37851BC5178C0007AB29 /* NSString+Extend.m in Sources */ = {isa = PBXBuildFile; fileRef = 744A37841BC5178C0007AB29 /* NSString+Extend.m */; };
		744FA1FA1BAC4B1700C335E5 /* libz.tbd in Frameworks */ = {isa = PBXBuildFile; fileRef = 744FA1F91BAC4B1700C335E5 /* libz.tbd */; };
		745057661BBD69FE0069A2AF /* AppServerConfig.m in Sources */ = {isa = PBXBuildFile; fileRef = 745057651BBD69FE0069A2AF /* AppServerConfig.m */; };
		7450576E1BBFD19C0069A2AF /* FirstGuideViewController.m in Sources */ = {isa = PBXBuildFile; fileRef = 7450576C1BBFD19C0069A2AF /* FirstGuideViewController.m */; };
		7450576F1BBFD19C0069A2AF /* FirstGuideViewController.xib in Resources */ = {isa = PBXBuildFile; fileRef = 7450576D1BBFD19C0069A2AF /* FirstGuideViewController.xib */; };
		745057741BC011B30069A2AF /* ModuleRouter.m in Sources */ = {isa = PBXBuildFile; fileRef = 745057731BC011B30069A2AF /* ModuleRouter.m */; };
		748D28781BC16CA500C39DE6 /* lanchvide.mp4 in Resources */ = {isa = PBXBuildFile; fileRef = 748D28771BC16CA500C39DE6 /* lanchvide.mp4 */; };
		748D287C1BC1A9A200C39DE6 /* RegisterViewController.m in Sources */ = {isa = PBXBuildFile; fileRef = 748D287A1BC1A9A200C39DE6 /* RegisterViewController.m */; };
		748D287D1BC1A9A200C39DE6 /* RegisterViewController.xib in Resources */ = {isa = PBXBuildFile; fileRef = 748D287B1BC1A9A200C39DE6 /* RegisterViewController.xib */; };
		748D28961BC2AB7B00C39DE6 /* RegisterInformationViewController.m in Sources */ = {isa = PBXBuildFile; fileRef = 748D28941BC2AB7B00C39DE6 /* RegisterInformationViewController.m */; };
		748D28971BC2AB7B00C39DE6 /* RegisterInformationViewController.xib in Resources */ = {isa = PBXBuildFile; fileRef = 748D28951BC2AB7B00C39DE6 /* RegisterInformationViewController.xib */; };
		74B9B6141BC6660600599F19 /* HttpHelper.m in Sources */ = {isa = PBXBuildFile; fileRef = 74B9B6111BC6660600599F19 /* HttpHelper.m */; };
		74B9B6151BC6660600599F19 /* HttpHelper+AFNetworking.m in Sources */ = {isa = PBXBuildFile; fileRef = 74B9B6131BC6660600599F19 /* HttpHelper+AFNetworking.m */; };
		74B9B61F1BC673A600599F19 /* Reachability.m in Sources */ = {isa = PBXBuildFile; fileRef = 74B9B61C1BC673A600599F19 /* Reachability.m */; };
		74B9B6201BC673A600599F19 /* XLReachabilityHelper.m in Sources */ = {isa = PBXBuildFile; fileRef = 74B9B61E1BC673A600599F19 /* XLReachabilityHelper.m */; };
		74B9B6251BC6DD3500599F19 /* LoginNetDAO.m in Sources */ = {isa = PBXBuildFile; fileRef = 74B9B6241BC6DD3500599F19 /* LoginNetDAO.m */; };
		74B9B6281BC6F81300599F19 /* registManager.m in Sources */ = {isa = PBXBuildFile; fileRef = 74B9B6271BC6F81300599F19 /* registManager.m */; };
		74F6E56C1BCA499800972DB0 /* RegistInfoEntity.m in Sources */ = {isa = PBXBuildFile; fileRef = 74F6E56B1BCA499800972DB0 /* RegistInfoEntity.m */; };
		74F6E57B1BCD34C500972DB0 /* XLHttpHelper.m in Sources */ = {isa = PBXBuildFile; fileRef = 74F6E57A1BCD34C500972DB0 /* XLHttpHelper.m */; };
		EAC185FAC4FEB750C3F1B7A1 /* libPods.a in Frameworks */ = {isa = PBXBuildFile; fileRef = 168F970639D7EF47753C09D5 /* libPods.a */; };
/* End PBXBuildFile section */

/* Begin PBXContainerItemProxy section */
		74448D431BAAE3A100B95B9F /* PBXContainerItemProxy */ = {
			isa = PBXContainerItemProxy;
			containerPortal = 74448D211BAAE3A100B95B9F /* Project object */;
			proxyType = 1;
			remoteGlobalIDString = 74448D281BAAE3A100B95B9F;
			remoteInfo = PlanBoardDemo;
		};
/* End PBXContainerItemProxy section */

/* Begin PBXFileReference section */
		168F970639D7EF47753C09D5 /* libPods.a */ = {isa = PBXFileReference; explicitFileType = archive.ar; includeInIndex = 0; path = libPods.a; sourceTree = BUILT_PRODUCTS_DIR; };
		6E65225AF8FD485D9AA4094B /* Pods.debug.xcconfig */ = {isa = PBXFileReference; includeInIndex = 1; lastKnownFileType = text.xcconfig; name = Pods.debug.xcconfig; path = "Pods/Target Support Files/Pods/Pods.debug.xcconfig"; sourceTree = "<group>"; };
		74074A981C181BAF00F6023B /* PlanBoardStoryBoard.storyboard */ = {isa = PBXFileReference; fileEncoding = 4; lastKnownFileType = file.storyboard; path = PlanBoardStoryBoard.storyboard; sourceTree = "<group>"; };
		74074A9F1C18287400F6023B /* MatchListViewController.h */ = {isa = PBXFileReference; fileEncoding = 4; lastKnownFileType = sourcecode.c.h; path = MatchListViewController.h; sourceTree = "<group>"; };
		74074AA01C18287400F6023B /* MatchListViewController.m */ = {isa = PBXFileReference; fileEncoding = 4; lastKnownFileType = sourcecode.c.objc; path = MatchListViewController.m; sourceTree = "<group>"; };
		74074AA51C18313000F6023B /* PBNavigationViewController.h */ = {isa = PBXFileReference; fileEncoding = 4; lastKnownFileType = sourcecode.c.h; path = PBNavigationViewController.h; sourceTree = "<group>"; };
		74074AA61C18313000F6023B /* PBNavigationViewController.m */ = {isa = PBXFileReference; fileEncoding = 4; lastKnownFileType = sourcecode.c.objc; path = PBNavigationViewController.m; sourceTree = "<group>"; };
		74074AA81C18334400F6023B /* RootTabBarViewController.h */ = {isa = PBXFileReference; fileEncoding = 4; lastKnownFileType = sourcecode.c.h; path = RootTabBarViewController.h; sourceTree = "<group>"; };
		74074AA91C18334400F6023B /* RootTabBarViewController.m */ = {isa = PBXFileReference; fileEncoding = 4; lastKnownFileType = sourcecode.c.objc; path = RootTabBarViewController.m; sourceTree = "<group>"; };
		74074AAC1C188DAC00F6023B /* LoginTableViewController.h */ = {isa = PBXFileReference; fileEncoding = 4; lastKnownFileType = sourcecode.c.h; path = LoginTableViewController.h; sourceTree = "<group>"; };
		74074AAD1C188DAC00F6023B /* LoginTableViewController.m */ = {isa = PBXFileReference; fileEncoding = 4; lastKnownFileType = sourcecode.c.objc; path = LoginTableViewController.m; sourceTree = "<group>"; };
		74074AAE1C188DAC00F6023B /* LoginTableViewController.xib */ = {isa = PBXFileReference; fileEncoding = 4; lastKnownFileType = file.xib; path = LoginTableViewController.xib; sourceTree = "<group>"; };
		74074AB11C18975600F6023B /* UserNameTableViewCell.h */ = {isa = PBXFileReference; fileEncoding = 4; lastKnownFileType = sourcecode.c.h; path = UserNameTableViewCell.h; sourceTree = "<group>"; };
		74074AB21C18975600F6023B /* UserNameTableViewCell.m */ = {isa = PBXFileReference; fileEncoding = 4; lastKnownFileType = sourcecode.c.objc; path = UserNameTableViewCell.m; sourceTree = "<group>"; };
		74074AB31C18975600F6023B /* UserNameTableViewCell.xib */ = {isa = PBXFileReference; fileEncoding = 4; lastKnownFileType = file.xib; path = UserNameTableViewCell.xib; sourceTree = "<group>"; };
		74074AB61C18977000F6023B /* PasswordTableViewCell.h */ = {isa = PBXFileReference; fileEncoding = 4; lastKnownFileType = sourcecode.c.h; path = PasswordTableViewCell.h; sourceTree = "<group>"; };
		74074AB71C18977000F6023B /* PasswordTableViewCell.m */ = {isa = PBXFileReference; fileEncoding = 4; lastKnownFileType = sourcecode.c.objc; path = PasswordTableViewCell.m; sourceTree = "<group>"; };
		74074AB81C18977000F6023B /* PasswordTableViewCell.xib */ = {isa = PBXFileReference; fileEncoding = 4; lastKnownFileType = file.xib; path = PasswordTableViewCell.xib; sourceTree = "<group>"; };
		74448D291BAAE3A100B95B9F /* PlanBoardDemo.app */ = {isa = PBXFileReference; explicitFileType = wrapper.application; includeInIndex = 0; path = PlanBoardDemo.app; sourceTree = BUILT_PRODUCTS_DIR; };
		74448D2D1BAAE3A100B95B9F /* Info.plist */ = {isa = PBXFileReference; lastKnownFileType = text.plist.xml; path = Info.plist; sourceTree = "<group>"; };
		74448D2E1BAAE3A100B95B9F /* main.m */ = {isa = PBXFileReference; lastKnownFileType = sourcecode.c.objc; path = main.m; sourceTree = "<group>"; };
		74448D301BAAE3A100B95B9F /* AppDelegate.h */ = {isa = PBXFileReference; lastKnownFileType = sourcecode.c.h; path = AppDelegate.h; sourceTree = "<group>"; };
		74448D311BAAE3A100B95B9F /* AppDelegate.m */ = {isa = PBXFileReference; lastKnownFileType = sourcecode.c.objc; path = AppDelegate.m; sourceTree = "<group>"; };
		74448D331BAAE3A100B95B9F /* ViewController.h */ = {isa = PBXFileReference; lastKnownFileType = sourcecode.c.h; path = ViewController.h; sourceTree = "<group>"; };
		74448D341BAAE3A100B95B9F /* ViewController.m */ = {isa = PBXFileReference; lastKnownFileType = sourcecode.c.objc; path = ViewController.m; sourceTree = "<group>"; };
		74448D391BAAE3A100B95B9F /* Images.xcassets */ = {isa = PBXFileReference; lastKnownFileType = folder.assetcatalog; path = Images.xcassets; sourceTree = "<group>"; };
		74448D3C1BAAE3A100B95B9F /* Base */ = {isa = PBXFileReference; lastKnownFileType = file.xib; name = Base; path = Base.lproj/LaunchScreen.xib; sourceTree = "<group>"; };
		74448D421BAAE3A100B95B9F /* PlanBoardDemoTests.xctest */ = {isa = PBXFileReference; explicitFileType = wrapper.cfbundle; includeInIndex = 0; path = PlanBoardDemoTests.xctest; sourceTree = BUILT_PRODUCTS_DIR; };
		74448D471BAAE3A100B95B9F /* Info.plist */ = {isa = PBXFileReference; lastKnownFileType = text.plist.xml; path = Info.plist; sourceTree = "<group>"; };
		74448D481BAAE3A100B95B9F /* PlanBoardDemoTests.m */ = {isa = PBXFileReference; lastKnownFileType = sourcecode.c.objc; path = PlanBoardDemoTests.m; sourceTree = "<group>"; };
		74448D881BAAE45200B95B9F /* UIKit.framework */ = {isa = PBXFileReference; lastKnownFileType = wrapper.framework; name = UIKit.framework; path = System/Library/Frameworks/UIKit.framework; sourceTree = SDKROOT; };
		74448D8A1BAAE46200B95B9F /* CoreImage.framework */ = {isa = PBXFileReference; lastKnownFileType = wrapper.framework; name = CoreImage.framework; path = System/Library/Frameworks/CoreImage.framework; sourceTree = SDKROOT; };
		74448D8C1BAAE47900B95B9F /* Foundation.framework */ = {isa = PBXFileReference; lastKnownFileType = wrapper.framework; name = Foundation.framework; path = System/Library/Frameworks/Foundation.framework; sourceTree = SDKROOT; };
		74448DA81BAC027400B95B9F /* Default-568h@2x.png */ = {isa = PBXFileReference; lastKnownFileType = image.png; path = "Default-568h@2x.png"; sourceTree = "<group>"; };
		74448DAB1BAC02AD00B95B9F /* ACEDrawingTools.h */ = {isa = PBXFileReference; fileEncoding = 4; lastKnownFileType = sourcecode.c.h; path = ACEDrawingTools.h; sourceTree = "<group>"; };
		74448DAC1BAC02AD00B95B9F /* ACEDrawingTools.m */ = {isa = PBXFileReference; fileEncoding = 4; lastKnownFileType = sourcecode.c.objc; path = ACEDrawingTools.m; sourceTree = "<group>"; };
		74448DAD1BAC02AD00B95B9F /* ACEDrawingView.h */ = {isa = PBXFileReference; fileEncoding = 4; lastKnownFileType = sourcecode.c.h; path = ACEDrawingView.h; sourceTree = "<group>"; };
		74448DAE1BAC02AD00B95B9F /* ACEDrawingView.m */ = {isa = PBXFileReference; fileEncoding = 4; lastKnownFileType = sourcecode.c.objc; path = ACEDrawingView.m; sourceTree = "<group>"; };
		74448DAF1BAC02AD00B95B9F /* LZXAudioRecordAndTransCoding.h */ = {isa = PBXFileReference; fileEncoding = 4; lastKnownFileType = sourcecode.c.h; name = LZXAudioRecordAndTransCoding.h; path = ../LZXAudioRecordAndTransCoding.h; sourceTree = "<group>"; };
		74448DB01BAC02AD00B95B9F /* LZXAudioRecordAndTransCoding.m */ = {isa = PBXFileReference; fileEncoding = 4; lastKnownFileType = sourcecode.c.objc; name = LZXAudioRecordAndTransCoding.m; path = ../LZXAudioRecordAndTransCoding.m; sourceTree = "<group>"; };
		74448DB21BAC02AD00B95B9F /* HMSideMenu.h */ = {isa = PBXFileReference; fileEncoding = 4; lastKnownFileType = sourcecode.c.h; path = HMSideMenu.h; sourceTree = "<group>"; };
		74448DB31BAC02AD00B95B9F /* HMSideMenu.m */ = {isa = PBXFileReference; fileEncoding = 4; lastKnownFileType = sourcecode.c.objc; path = HMSideMenu.m; sourceTree = "<group>"; };
		74448DB51BAC02AD00B95B9F /* PlayersManager.h */ = {isa = PBXFileReference; fileEncoding = 4; lastKnownFileType = sourcecode.c.h; path = PlayersManager.h; sourceTree = "<group>"; };
		74448DB61BAC02AD00B95B9F /* PlayersManager.m */ = {isa = PBXFileReference; fileEncoding = 4; lastKnownFileType = sourcecode.c.objc; path = PlayersManager.m; sourceTree = "<group>"; };
		74448DB71BAC02AD00B95B9F /* RCDraggableButton.h */ = {isa = PBXFileReference; fileEncoding = 4; lastKnownFileType = sourcecode.c.h; path = RCDraggableButton.h; sourceTree = "<group>"; };
		74448DB81BAC02AD00B95B9F /* RCDraggableButton.m */ = {isa = PBXFileReference; fileEncoding = 4; lastKnownFileType = sourcecode.c.objc; path = RCDraggableButton.m; sourceTree = "<group>"; };
		74448DB91BAC02AD00B95B9F /* PlayGroundViewController.h */ = {isa = PBXFileReference; fileEncoding = 4; lastKnownFileType = sourcecode.c.h; path = PlayGroundViewController.h; sourceTree = "<group>"; };
		74448DBA1BAC02AD00B95B9F /* PlayGroundViewController.m */ = {isa = PBXFileReference; fileEncoding = 4; lastKnownFileType = sourcecode.c.objc; path = PlayGroundViewController.m; sourceTree = "<group>"; };
		74448DBE1BAC02AD00B95B9F /* icon_add_against.png */ = {isa = PBXFileReference; lastKnownFileType = image.png; path = icon_add_against.png; sourceTree = "<group>"; };
		74448DBF1BAC02AD00B95B9F /* icon_add_our.png */ = {isa = PBXFileReference; lastKnownFileType = image.png; path = icon_add_our.png; sourceTree = "<group>"; };
		74448DC01BAC02AD00B95B9F /* icon_addPlayer.png */ = {isa = PBXFileReference; lastKnownFileType = image.png; path = icon_addPlayer.png; sourceTree = "<group>"; };
		74448DC11BAC02AD00B95B9F /* icon_desc_against.png */ = {isa = PBXFileReference; lastKnownFileType = image.png; path = icon_desc_against.png; sourceTree = "<group>"; };
		74448DC21BAC02AD00B95B9F /* icon_desc_our.png */ = {isa = PBXFileReference; lastKnownFileType = image.png; path = icon_desc_our.png; sourceTree = "<group>"; };
		74448DC31BAC02AD00B95B9F /* icon_football.png */ = {isa = PBXFileReference; lastKnownFileType = image.png; path = icon_football.png; sourceTree = "<group>"; };
		74448DC41BAC02AD00B95B9F /* icon_Pan.png */ = {isa = PBXFileReference; lastKnownFileType = image.png; path = icon_Pan.png; sourceTree = "<group>"; };
		74448DC51BAC02AD00B95B9F /* icon_record.png */ = {isa = PBXFileReference; lastKnownFileType = image.png; path = icon_record.png; sourceTree = "<group>"; };
		74448DC61BAC02AD00B95B9F /* icon_redo.png */ = {isa = PBXFileReference; lastKnownFileType = image.png; path = icon_redo.png; sourceTree = "<group>"; };
		74448DC71BAC02AD00B95B9F /* icon_stopRecord.png */ = {isa = PBXFileReference; lastKnownFileType = image.png; path = icon_stopRecord.png; sourceTree = "<group>"; };
		74448DC81BAC02AD00B95B9F /* icon_undo.png */ = {isa = PBXFileReference; lastKnownFileType = image.png; path = icon_undo.png; sourceTree = "<group>"; };
		74448DC91BAC02AD00B95B9F /* img_playGround.jpg */ = {isa = PBXFileReference; lastKnownFileType = image.jpeg; path = img_playGround.jpg; sourceTree = "<group>"; };
		74448DCB1BAC02AD00B95B9F /* blueShirt.png */ = {isa = PBXFileReference; lastKnownFileType = image.png; path = blueShirt.png; sourceTree = "<group>"; };
		74448DCC1BAC02AD00B95B9F /* redShirt.png */ = {isa = PBXFileReference; lastKnownFileType = image.png; path = redShirt.png; sourceTree = "<group>"; };
		74448DCE1BAC02AD00B95B9F /* RecordManager.h */ = {isa = PBXFileReference; fileEncoding = 4; lastKnownFileType = sourcecode.c.h; path = RecordManager.h; sourceTree = "<group>"; };
		74448DCF1BAC02AD00B95B9F /* RecordManager.m */ = {isa = PBXFileReference; fileEncoding = 4; lastKnownFileType = sourcecode.c.objc; path = RecordManager.m; sourceTree = "<group>"; };
		74448DD01BAC02AD00B95B9F /* THCapture.h */ = {isa = PBXFileReference; fileEncoding = 4; lastKnownFileType = sourcecode.c.h; path = THCapture.h; sourceTree = "<group>"; };
		74448DD11BAC02AD00B95B9F /* THCapture.m */ = {isa = PBXFileReference; fileEncoding = 4; lastKnownFileType = sourcecode.c.objc; path = THCapture.m; sourceTree = "<group>"; };
		74448DD21BAC02AD00B95B9F /* THCaptureUtilities.h */ = {isa = PBXFileReference; fileEncoding = 4; lastKnownFileType = sourcecode.c.h; path = THCaptureUtilities.h; sourceTree = "<group>"; };
		74448DD31BAC02AD00B95B9F /* THCaptureUtilities.m */ = {isa = PBXFileReference; fileEncoding = 4; lastKnownFileType = sourcecode.c.objc; path = THCaptureUtilities.m; sourceTree = "<group>"; };
		74448DF11BAC0C9F00B95B9F /* libMobClickLibrary.a */ = {isa = PBXFileReference; lastKnownFileType = archive.ar; path = libMobClickLibrary.a; sourceTree = "<group>"; };
		74448DF21BAC0C9F00B95B9F /* MobClick.h */ = {isa = PBXFileReference; fileEncoding = 4; lastKnownFileType = sourcecode.c.h; path = MobClick.h; sourceTree = "<group>"; };
		74448DF31BAC0C9F00B95B9F /* MobClickSocialAnalytics.h */ = {isa = PBXFileReference; fileEncoding = 4; lastKnownFileType = sourcecode.c.h; path = MobClickSocialAnalytics.h; sourceTree = "<group>"; };
		744A37721BC3EB3F0007AB29 /* CALayer+ColorFromUIColor.h */ = {isa = PBXFileReference; fileEncoding = 4; lastKnownFileType = sourcecode.c.h; path = "CALayer+ColorFromUIColor.h"; sourceTree = "<group>"; };
		744A37731BC3EB3F0007AB29 /* CALayer+ColorFromUIColor.m */ = {isa = PBXFileReference; fileEncoding = 4; lastKnownFileType = sourcecode.c.objc; path = "CALayer+ColorFromUIColor.m"; sourceTree = "<group>"; };
		744A37751BC50AED0007AB29 /* libicucore.tbd */ = {isa = PBXFileReference; lastKnownFileType = "sourcecode.text-based-dylib-definition"; name = libicucore.tbd; path = usr/lib/libicucore.tbd; sourceTree = SDKROOT; };
		744A37771BC50B060007AB29 /* MessageUI.framework */ = {isa = PBXFileReference; lastKnownFileType = wrapper.framework; name = MessageUI.framework; path = System/Library/Frameworks/MessageUI.framework; sourceTree = SDKROOT; };
		744A37791BC50B200007AB29 /* AddressBook.framework */ = {isa = PBXFileReference; lastKnownFileType = wrapper.framework; name = AddressBook.framework; path = System/Library/Frameworks/AddressBook.framework; sourceTree = SDKROOT; };
		744A377A1BC50B200007AB29 /* AddressBookUI.framework */ = {isa = PBXFileReference; lastKnownFileType = wrapper.framework; name = AddressBookUI.framework; path = System/Library/Frameworks/AddressBookUI.framework; sourceTree = SDKROOT; };
		744A37831BC5178C0007AB29 /* NSString+Extend.h */ = {isa = PBXFileReference; fileEncoding = 4; lastKnownFileType = sourcecode.c.h; name = "NSString+Extend.h"; path = "commonkit/NSString+Extend.h"; sourceTree = "<group>"; };
		744A37841BC5178C0007AB29 /* NSString+Extend.m */ = {isa = PBXFileReference; fileEncoding = 4; lastKnownFileType = sourcecode.c.objc; name = "NSString+Extend.m"; path = "commonkit/NSString+Extend.m"; sourceTree = "<group>"; };
		744FA1F91BAC4B1700C335E5 /* libz.tbd */ = {isa = PBXFileReference; lastKnownFileType = "sourcecode.text-based-dylib-definition"; name = libz.tbd; path = usr/lib/libz.tbd; sourceTree = SDKROOT; };
		745057641BBD69FE0069A2AF /* AppServerConfig.h */ = {isa = PBXFileReference; fileEncoding = 4; lastKnownFileType = sourcecode.c.h; path = AppServerConfig.h; sourceTree = "<group>"; };
		745057651BBD69FE0069A2AF /* AppServerConfig.m */ = {isa = PBXFileReference; fileEncoding = 4; lastKnownFileType = sourcecode.c.objc; path = AppServerConfig.m; sourceTree = "<group>"; };
		7450576B1BBFD19B0069A2AF /* FirstGuideViewController.h */ = {isa = PBXFileReference; fileEncoding = 4; lastKnownFileType = sourcecode.c.h; name = FirstGuideViewController.h; path = Login/FirstGuideViewController.h; sourceTree = "<group>"; };
		7450576C1BBFD19C0069A2AF /* FirstGuideViewController.m */ = {isa = PBXFileReference; fileEncoding = 4; lastKnownFileType = sourcecode.c.objc; name = FirstGuideViewController.m; path = Login/FirstGuideViewController.m; sourceTree = "<group>"; };
		7450576D1BBFD19C0069A2AF /* FirstGuideViewController.xib */ = {isa = PBXFileReference; fileEncoding = 4; lastKnownFileType = file.xib; name = FirstGuideViewController.xib; path = Login/FirstGuideViewController.xib; sourceTree = "<group>"; };
		745057721BC011B30069A2AF /* ModuleRouter.h */ = {isa = PBXFileReference; fileEncoding = 4; lastKnownFileType = sourcecode.c.h; name = ModuleRouter.h; path = Router/ModuleRouter.h; sourceTree = "<group>"; };
		745057731BC011B30069A2AF /* ModuleRouter.m */ = {isa = PBXFileReference; fileEncoding = 4; lastKnownFileType = sourcecode.c.objc; name = ModuleRouter.m; path = Router/ModuleRouter.m; sourceTree = "<group>"; };
		748D28771BC16CA500C39DE6 /* lanchvide.mp4 */ = {isa = PBXFileReference; lastKnownFileType = file; name = lanchvide.mp4; path = video/lanchvide.mp4; sourceTree = "<group>"; };
		748D28791BC1A9A200C39DE6 /* RegisterViewController.h */ = {isa = PBXFileReference; fileEncoding = 4; lastKnownFileType = sourcecode.c.h; name = RegisterViewController.h; path = Login/RegisterViewController.h; sourceTree = "<group>"; };
		748D287A1BC1A9A200C39DE6 /* RegisterViewController.m */ = {isa = PBXFileReference; fileEncoding = 4; lastKnownFileType = sourcecode.c.objc; name = RegisterViewController.m; path = Login/RegisterViewController.m; sourceTree = "<group>"; };
		748D287B1BC1A9A200C39DE6 /* RegisterViewController.xib */ = {isa = PBXFileReference; fileEncoding = 4; lastKnownFileType = file.xib; name = RegisterViewController.xib; path = Login/RegisterViewController.xib; sourceTree = "<group>"; };
		748D28931BC2AB7B00C39DE6 /* RegisterInformationViewController.h */ = {isa = PBXFileReference; fileEncoding = 4; lastKnownFileType = sourcecode.c.h; path = RegisterInformationViewController.h; sourceTree = "<group>"; };
		748D28941BC2AB7B00C39DE6 /* RegisterInformationViewController.m */ = {isa = PBXFileReference; fileEncoding = 4; lastKnownFileType = sourcecode.c.objc; path = RegisterInformationViewController.m; sourceTree = "<group>"; };
		748D28951BC2AB7B00C39DE6 /* RegisterInformationViewController.xib */ = {isa = PBXFileReference; fileEncoding = 4; lastKnownFileType = file.xib; path = RegisterInformationViewController.xib; sourceTree = "<group>"; };
		74B9B6101BC6660600599F19 /* HttpHelper.h */ = {isa = PBXFileReference; fileEncoding = 4; lastKnownFileType = sourcecode.c.h; name = HttpHelper.h; path = commonkit/HttpHelper.h; sourceTree = "<group>"; };
		74B9B6111BC6660600599F19 /* HttpHelper.m */ = {isa = PBXFileReference; fileEncoding = 4; lastKnownFileType = sourcecode.c.objc; name = HttpHelper.m; path = commonkit/HttpHelper.m; sourceTree = "<group>"; };
		74B9B6121BC6660600599F19 /* HttpHelper+AFNetworking.h */ = {isa = PBXFileReference; fileEncoding = 4; lastKnownFileType = sourcecode.c.h; name = "HttpHelper+AFNetworking.h"; path = "commonkit/HttpHelper+AFNetworking.h"; sourceTree = "<group>"; };
		74B9B6131BC6660600599F19 /* HttpHelper+AFNetworking.m */ = {isa = PBXFileReference; fileEncoding = 4; lastKnownFileType = sourcecode.c.objc; name = "HttpHelper+AFNetworking.m"; path = "commonkit/HttpHelper+AFNetworking.m"; sourceTree = "<group>"; };
		74B9B61B1BC673A600599F19 /* Reachability.h */ = {isa = PBXFileReference; fileEncoding = 4; lastKnownFileType = sourcecode.c.h; name = Reachability.h; path = commonkit/Reachability.h; sourceTree = "<group>"; };
		74B9B61C1BC673A600599F19 /* Reachability.m */ = {isa = PBXFileReference; fileEncoding = 4; lastKnownFileType = sourcecode.c.objc; name = Reachability.m; path = commonkit/Reachability.m; sourceTree = "<group>"; };
		74B9B61D1BC673A600599F19 /* XLReachabilityHelper.h */ = {isa = PBXFileReference; fileEncoding = 4; lastKnownFileType = sourcecode.c.h; name = XLReachabilityHelper.h; path = commonkit/XLReachabilityHelper.h; sourceTree = "<group>"; };
		74B9B61E1BC673A600599F19 /* XLReachabilityHelper.m */ = {isa = PBXFileReference; fileEncoding = 4; lastKnownFileType = sourcecode.c.objc; name = XLReachabilityHelper.m; path = commonkit/XLReachabilityHelper.m; sourceTree = "<group>"; };
		74B9B6231BC6DD3500599F19 /* LoginNetDAO.h */ = {isa = PBXFileReference; fileEncoding = 4; lastKnownFileType = sourcecode.c.h; name = LoginNetDAO.h; path = DAO/LoginNetDAO.h; sourceTree = "<group>"; };
		74B9B6241BC6DD3500599F19 /* LoginNetDAO.m */ = {isa = PBXFileReference; fileEncoding = 4; lastKnownFileType = sourcecode.c.objc; name = LoginNetDAO.m; path = DAO/LoginNetDAO.m; sourceTree = "<group>"; };
		74B9B6261BC6F81300599F19 /* registManager.h */ = {isa = PBXFileReference; fileEncoding = 4; lastKnownFileType = sourcecode.c.h; path = registManager.h; sourceTree = "<group>"; };
		74B9B6271BC6F81300599F19 /* registManager.m */ = {isa = PBXFileReference; fileEncoding = 4; lastKnownFileType = sourcecode.c.objc; path = registManager.m; sourceTree = "<group>"; };
		74F6E56A1BCA499800972DB0 /* RegistInfoEntity.h */ = {isa = PBXFileReference; fileEncoding = 4; lastKnownFileType = sourcecode.c.h; path = RegistInfoEntity.h; sourceTree = "<group>"; };
		74F6E56B1BCA499800972DB0 /* RegistInfoEntity.m */ = {isa = PBXFileReference; fileEncoding = 4; lastKnownFileType = sourcecode.c.objc; path = RegistInfoEntity.m; sourceTree = "<group>"; };
		74F6E5791BCD34C500972DB0 /* XLHttpHelper.h */ = {isa = PBXFileReference; fileEncoding = 4; lastKnownFileType = sourcecode.c.h; name = XLHttpHelper.h; path = commonkit/XLHttpHelper.h; sourceTree = "<group>"; };
		74F6E57A1BCD34C500972DB0 /* XLHttpHelper.m */ = {isa = PBXFileReference; fileEncoding = 4; lastKnownFileType = sourcecode.c.objc; name = XLHttpHelper.m; path = commonkit/XLHttpHelper.m; sourceTree = "<group>"; };
		852B470416C3D968F65D357F /* Pods.release.xcconfig */ = {isa = PBXFileReference; includeInIndex = 1; lastKnownFileType = text.xcconfig; name = Pods.release.xcconfig; path = "Pods/Target Support Files/Pods/Pods.release.xcconfig"; sourceTree = "<group>"; };
/* End PBXFileReference section */

/* Begin PBXFrameworksBuildPhase section */
		74448D261BAAE3A100B95B9F /* Frameworks */ = {
			isa = PBXFrameworksBuildPhase;
			buildActionMask = 2147483647;
			files = (
				744A377B1BC50B200007AB29 /* AddressBook.framework in Frameworks */,
				744A377C1BC50B200007AB29 /* AddressBookUI.framework in Frameworks */,
				744A37781BC50B060007AB29 /* MessageUI.framework in Frameworks */,
				744A37761BC50AEE0007AB29 /* libicucore.tbd in Frameworks */,
				744FA1FA1BAC4B1700C335E5 /* libz.tbd in Frameworks */,
				74448D8D1BAAE47900B95B9F /* Foundation.framework in Frameworks */,
				74448D8B1BAAE46200B95B9F /* CoreImage.framework in Frameworks */,
				74448D891BAAE45200B95B9F /* UIKit.framework in Frameworks */,
				74448DF41BAC0C9F00B95B9F /* libMobClickLibrary.a in Frameworks */,
				EAC185FAC4FEB750C3F1B7A1 /* libPods.a in Frameworks */,
			);
			runOnlyForDeploymentPostprocessing = 0;
		};
		74448D3F1BAAE3A100B95B9F /* Frameworks */ = {
			isa = PBXFrameworksBuildPhase;
			buildActionMask = 2147483647;
			files = (
			);
			runOnlyForDeploymentPostprocessing = 0;
		};
/* End PBXFrameworksBuildPhase section */

/* Begin PBXGroup section */
		74074AAB1C188D0B00F6023B /* Service */ = {
			isa = PBXGroup;
			children = (
			);
			name = Service;
			sourceTree = "<group>";
		};
		74448D201BAAE3A100B95B9F = {
			isa = PBXGroup;
			children = (
				74074AAB1C188D0B00F6023B /* Service */,
				74F6E5691BCA497D00972DB0 /* Entity */,
				74B9B6291BC6F83000599F19 /* Manager */,
				74B9B6221BC6DC3D00599F19 /* DAO */,
				7450575A1BBD681B0069A2AF /* CommonKit */,
				74448DF51BAC0CB500B95B9F /* Frameworks */,
				74448DEC1BAC033300B95B9F /* Modules */,
				74448DBC1BAC02AD00B95B9F /* Resource */,
				74448DA81BAC027400B95B9F /* Default-568h@2x.png */,
				74448D2B1BAAE3A100B95B9F /* PlanBoardDemo */,
				74448D451BAAE3A100B95B9F /* PlanBoardDemoTests */,
				74448D2A1BAAE3A100B95B9F /* Products */,
				FB7C90BBFB954540CF6B0459 /* Pods */,
			);
			sourceTree = "<group>";
		};
		74448D2A1BAAE3A100B95B9F /* Products */ = {
			isa = PBXGroup;
			children = (
				74448D291BAAE3A100B95B9F /* PlanBoardDemo.app */,
				74448D421BAAE3A100B95B9F /* PlanBoardDemoTests.xctest */,
			);
			name = Products;
			sourceTree = "<group>";
		};
		74448D2B1BAAE3A100B95B9F /* PlanBoardDemo */ = {
			isa = PBXGroup;
			children = (
				74448D301BAAE3A100B95B9F /* AppDelegate.h */,
				74448D311BAAE3A100B95B9F /* AppDelegate.m */,
				74448D331BAAE3A100B95B9F /* ViewController.h */,
				74448D341BAAE3A100B95B9F /* ViewController.m */,
				74448D391BAAE3A100B95B9F /* Images.xcassets */,
				74448D3B1BAAE3A100B95B9F /* LaunchScreen.xib */,
				74448D2C1BAAE3A100B95B9F /* Supporting Files */,
				745057641BBD69FE0069A2AF /* AppServerConfig.h */,
				745057651BBD69FE0069A2AF /* AppServerConfig.m */,
			);
			path = PlanBoardDemo;
			sourceTree = "<group>";
		};
		74448D2C1BAAE3A100B95B9F /* Supporting Files */ = {
			isa = PBXGroup;
			children = (
				74448D2D1BAAE3A100B95B9F /* Info.plist */,
				74448D2E1BAAE3A100B95B9F /* main.m */,
			);
			name = "Supporting Files";
			sourceTree = "<group>";
		};
		74448D451BAAE3A100B95B9F /* PlanBoardDemoTests */ = {
			isa = PBXGroup;
			children = (
				74448D481BAAE3A100B95B9F /* PlanBoardDemoTests.m */,
				74448D461BAAE3A100B95B9F /* Supporting Files */,
			);
			path = PlanBoardDemoTests;
			sourceTree = "<group>";
		};
		74448D461BAAE3A100B95B9F /* Supporting Files */ = {
			isa = PBXGroup;
			children = (
				74448D471BAAE3A100B95B9F /* Info.plist */,
			);
			name = "Supporting Files";
			sourceTree = "<group>";
		};
		74448DAA1BAC02AD00B95B9F /* ACEDrawingView */ = {
			isa = PBXGroup;
			children = (
				74448DAB1BAC02AD00B95B9F /* ACEDrawingTools.h */,
				74448DAC1BAC02AD00B95B9F /* ACEDrawingTools.m */,
				74448DAD1BAC02AD00B95B9F /* ACEDrawingView.h */,
				74448DAE1BAC02AD00B95B9F /* ACEDrawingView.m */,
			);
			path = ACEDrawingView;
			sourceTree = "<group>";
		};
		74448DB11BAC02AD00B95B9F /* Menu */ = {
			isa = PBXGroup;
			children = (
				74448DB21BAC02AD00B95B9F /* HMSideMenu.h */,
				74448DB31BAC02AD00B95B9F /* HMSideMenu.m */,
			);
			path = Menu;
			sourceTree = "<group>";
		};
		74448DB41BAC02AD00B95B9F /* playerBtns */ = {
			isa = PBXGroup;
			children = (
				74448DB51BAC02AD00B95B9F /* PlayersManager.h */,
				74448DB61BAC02AD00B95B9F /* PlayersManager.m */,
				74448DB71BAC02AD00B95B9F /* RCDraggableButton.h */,
				74448DB81BAC02AD00B95B9F /* RCDraggableButton.m */,
			);
			path = playerBtns;
			sourceTree = "<group>";
		};
		74448DBB1BAC02AD00B95B9F /* RecordModule */ = {
			isa = PBXGroup;
			children = (
				74448DAF1BAC02AD00B95B9F /* LZXAudioRecordAndTransCoding.h */,
				74448DB01BAC02AD00B95B9F /* LZXAudioRecordAndTransCoding.m */,
			);
			path = RecordModule;
			sourceTree = "<group>";
		};
		74448DBC1BAC02AD00B95B9F /* Resource */ = {
			isa = PBXGroup;
			children = (
				748D28771BC16CA500C39DE6 /* lanchvide.mp4 */,
				74448DBD1BAC02AD00B95B9F /* HMSideMenuImage */,
				74448DC91BAC02AD00B95B9F /* img_playGround.jpg */,
				74448DCA1BAC02AD00B95B9F /* soccerImg */,
			);
			path = Resource;
			sourceTree = "<group>";
		};
		74448DBD1BAC02AD00B95B9F /* HMSideMenuImage */ = {
			isa = PBXGroup;
			children = (
				74448DBE1BAC02AD00B95B9F /* icon_add_against.png */,
				74448DBF1BAC02AD00B95B9F /* icon_add_our.png */,
				74448DC01BAC02AD00B95B9F /* icon_addPlayer.png */,
				74448DC11BAC02AD00B95B9F /* icon_desc_against.png */,
				74448DC21BAC02AD00B95B9F /* icon_desc_our.png */,
				74448DC31BAC02AD00B95B9F /* icon_football.png */,
				74448DC41BAC02AD00B95B9F /* icon_Pan.png */,
				74448DC51BAC02AD00B95B9F /* icon_record.png */,
				74448DC61BAC02AD00B95B9F /* icon_redo.png */,
				74448DC71BAC02AD00B95B9F /* icon_stopRecord.png */,
				74448DC81BAC02AD00B95B9F /* icon_undo.png */,
			);
			path = HMSideMenuImage;
			sourceTree = "<group>";
		};
		74448DCA1BAC02AD00B95B9F /* soccerImg */ = {
			isa = PBXGroup;
			children = (
				74448DCB1BAC02AD00B95B9F /* blueShirt.png */,
				74448DCC1BAC02AD00B95B9F /* redShirt.png */,
			);
			path = soccerImg;
			sourceTree = "<group>";
		};
		74448DCD1BAC02AD00B95B9F /* THC */ = {
			isa = PBXGroup;
			children = (
				74448DCE1BAC02AD00B95B9F /* RecordManager.h */,
				74448DCF1BAC02AD00B95B9F /* RecordManager.m */,
				74448DD01BAC02AD00B95B9F /* THCapture.h */,
				74448DD11BAC02AD00B95B9F /* THCapture.m */,
				74448DD21BAC02AD00B95B9F /* THCaptureUtilities.h */,
				74448DD31BAC02AD00B95B9F /* THCaptureUtilities.m */,
			);
			path = THC;
			sourceTree = "<group>";
		};
		74448DEC1BAC033300B95B9F /* Modules */ = {
			isa = PBXGroup;
			children = (
				745057701BC010F10069A2AF /* Router */,
				7450574F1BBD5E0B0069A2AF /* LoginModule */,
				74448DED1BAC037A00B95B9F /* ViewController */,
				74448DBB1BAC02AD00B95B9F /* RecordModule */,
				74448DCD1BAC02AD00B95B9F /* THC */,
				74448DB41BAC02AD00B95B9F /* playerBtns */,
				74448DB11BAC02AD00B95B9F /* Menu */,
				74448DAA1BAC02AD00B95B9F /* ACEDrawingView */,
			);
			name = Modules;
			sourceTree = "<group>";
		};
		74448DED1BAC037A00B95B9F /* ViewController */ = {
			isa = PBXGroup;
			children = (
				74448DEF1BAC03CA00B95B9F /* RootViewController */,
				74448DEE1BAC038F00B95B9F /* PlayBand */,
			);
			name = ViewController;
			sourceTree = "<group>";
		};
		74448DEE1BAC038F00B95B9F /* PlayBand */ = {
			isa = PBXGroup;
			children = (
				74448DB91BAC02AD00B95B9F /* PlayGroundViewController.h */,
				74448DBA1BAC02AD00B95B9F /* PlayGroundViewController.m */,
			);
			name = PlayBand;
			sourceTree = "<group>";
		};
		74448DEF1BAC03CA00B95B9F /* RootViewController */ = {
			isa = PBXGroup;
			children = (
				74074A981C181BAF00F6023B /* PlanBoardStoryBoard.storyboard */,
				74074AA81C18334400F6023B /* RootTabBarViewController.h */,
				74074AA91C18334400F6023B /* RootTabBarViewController.m */,
				74074A9F1C18287400F6023B /* MatchListViewController.h */,
				74074AA01C18287400F6023B /* MatchListViewController.m */,
				74074AA51C18313000F6023B /* PBNavigationViewController.h */,
				74074AA61C18313000F6023B /* PBNavigationViewController.m */,
			);
			name = RootViewController;
			sourceTree = "<group>";
		};
		74448DF51BAC0CB500B95B9F /* Frameworks */ = {
			isa = PBXGroup;
			children = (
				744A37791BC50B200007AB29 /* AddressBook.framework */,
				744A377A1BC50B200007AB29 /* AddressBookUI.framework */,
				744A37771BC50B060007AB29 /* MessageUI.framework */,
				744A37751BC50AED0007AB29 /* libicucore.tbd */,
				744FA1F91BAC4B1700C335E5 /* libz.tbd */,
				74448DF71BAC0D2E00B95B9F /* Umeng */,
				74448DF61BAC0CD100B95B9F /* LocalFrameworks */,
				168F970639D7EF47753C09D5 /* libPods.a */,
			);
			name = Frameworks;
			sourceTree = "<group>";
		};
		74448DF61BAC0CD100B95B9F /* LocalFrameworks */ = {
			isa = PBXGroup;
			children = (
				74448D8C1BAAE47900B95B9F /* Foundation.framework */,
				74448D8A1BAAE46200B95B9F /* CoreImage.framework */,
				74448D881BAAE45200B95B9F /* UIKit.framework */,
			);
			name = LocalFrameworks;
			sourceTree = "<group>";
		};
		74448DF71BAC0D2E00B95B9F /* Umeng */ = {
			isa = PBXGroup;
			children = (
				74448DF11BAC0C9F00B95B9F /* libMobClickLibrary.a */,
				74448DF21BAC0C9F00B95B9F /* MobClick.h */,
				74448DF31BAC0C9F00B95B9F /* MobClickSocialAnalytics.h */,
			);
			name = Umeng;
			sourceTree = "<group>";
		};
		7450574F1BBD5E0B0069A2AF /* LoginModule */ = {
			isa = PBXGroup;
			children = (
				745057681BBFD11C0069A2AF /* ViewController */,
				745057671BBFD1040069A2AF /* DAO */,
			);
			name = LoginModule;
			sourceTree = "<group>";
		};
		7450575A1BBD681B0069A2AF /* CommonKit */ = {
			isa = PBXGroup;
			children = (
				74B9B61A1BC6727C00599F19 /* UIKit */,
				74B9B6191BC6726300599F19 /* NetWork */,
			);
			name = CommonKit;
			sourceTree = "<group>";
		};
		745057671BBFD1040069A2AF /* DAO */ = {
			isa = PBXGroup;
			children = (
			);
			name = DAO;
			sourceTree = "<group>";
		};
		745057681BBFD11C0069A2AF /* ViewController */ = {
			isa = PBXGroup;
			children = (
				748D28931BC2AB7B00C39DE6 /* RegisterInformationViewController.h */,
				748D28941BC2AB7B00C39DE6 /* RegisterInformationViewController.m */,
				748D28951BC2AB7B00C39DE6 /* RegisterInformationViewController.xib */,
				7450576B1BBFD19B0069A2AF /* FirstGuideViewController.h */,
				7450576C1BBFD19C0069A2AF /* FirstGuideViewController.m */,
				7450576D1BBFD19C0069A2AF /* FirstGuideViewController.xib */,
				748D28791BC1A9A200C39DE6 /* RegisterViewController.h */,
				748D287A1BC1A9A200C39DE6 /* RegisterViewController.m */,
				748D287B1BC1A9A200C39DE6 /* RegisterViewController.xib */,
				74074AAC1C188DAC00F6023B /* LoginTableViewController.h */,
				74074AAD1C188DAC00F6023B /* LoginTableViewController.m */,
				74074AAE1C188DAC00F6023B /* LoginTableViewController.xib */,
				74074AB11C18975600F6023B /* UserNameTableViewCell.h */,
				74074AB21C18975600F6023B /* UserNameTableViewCell.m */,
				74074AB31C18975600F6023B /* UserNameTableViewCell.xib */,
				74074AB61C18977000F6023B /* PasswordTableViewCell.h */,
				74074AB71C18977000F6023B /* PasswordTableViewCell.m */,
				74074AB81C18977000F6023B /* PasswordTableViewCell.xib */,
			);
			name = ViewController;
			sourceTree = "<group>";
		};
		745057701BC010F10069A2AF /* Router */ = {
			isa = PBXGroup;
			children = (
				745057721BC011B30069A2AF /* ModuleRouter.h */,
				745057731BC011B30069A2AF /* ModuleRouter.m */,
			);
			name = Router;
			sourceTree = "<group>";
		};
		74B9B6191BC6726300599F19 /* NetWork */ = {
			isa = PBXGroup;
			children = (
				74F6E5791BCD34C500972DB0 /* XLHttpHelper.h */,
				74F6E57A1BCD34C500972DB0 /* XLHttpHelper.m */,
				74B9B61B1BC673A600599F19 /* Reachability.h */,
				74B9B61C1BC673A600599F19 /* Reachability.m */,
				74B9B61D1BC673A600599F19 /* XLReachabilityHelper.h */,
				74B9B61E1BC673A600599F19 /* XLReachabilityHelper.m */,
				74B9B6101BC6660600599F19 /* HttpHelper.h */,
				74B9B6111BC6660600599F19 /* HttpHelper.m */,
				74B9B6121BC6660600599F19 /* HttpHelper+AFNetworking.h */,
				74B9B6131BC6660600599F19 /* HttpHelper+AFNetworking.m */,
			);
			name = NetWork;
			sourceTree = "<group>";
		};
		74B9B61A1BC6727C00599F19 /* UIKit */ = {
			isa = PBXGroup;
			children = (
				744A37721BC3EB3F0007AB29 /* CALayer+ColorFromUIColor.h */,
				744A37731BC3EB3F0007AB29 /* CALayer+ColorFromUIColor.m */,
				744A37831BC5178C0007AB29 /* NSString+Extend.h */,
				744A37841BC5178C0007AB29 /* NSString+Extend.m */,
			);
			name = UIKit;
			sourceTree = "<group>";
		};
		74B9B6221BC6DC3D00599F19 /* DAO */ = {
			isa = PBXGroup;
			children = (
				74B9B6231BC6DD3500599F19 /* LoginNetDAO.h */,
				74B9B6241BC6DD3500599F19 /* LoginNetDAO.m */,
			);
			name = DAO;
			sourceTree = "<group>";
		};
		74B9B6291BC6F83000599F19 /* Manager */ = {
			isa = PBXGroup;
			children = (
				74B9B6261BC6F81300599F19 /* registManager.h */,
				74B9B6271BC6F81300599F19 /* registManager.m */,
			);
			name = Manager;
			sourceTree = "<group>";
		};
		74F6E5691BCA497D00972DB0 /* Entity */ = {
			isa = PBXGroup;
			children = (
				74F6E56A1BCA499800972DB0 /* RegistInfoEntity.h */,
				74F6E56B1BCA499800972DB0 /* RegistInfoEntity.m */,
			);
			name = Entity;
			sourceTree = "<group>";
		};
		FB7C90BBFB954540CF6B0459 /* Pods */ = {
			isa = PBXGroup;
			children = (
				6E65225AF8FD485D9AA4094B /* Pods.debug.xcconfig */,
				852B470416C3D968F65D357F /* Pods.release.xcconfig */,
			);
			name = Pods;
			sourceTree = "<group>";
		};
/* End PBXGroup section */

/* Begin PBXNativeTarget section */
		74448D281BAAE3A100B95B9F /* PlanBoardDemo */ = {
			isa = PBXNativeTarget;
			buildConfigurationList = 74448D4C1BAAE3A100B95B9F /* Build configuration list for PBXNativeTarget "PlanBoardDemo" */;
			buildPhases = (
				7106F3961FF85BA30D2DD3FC /* Check Pods Manifest.lock */,
				74448D251BAAE3A100B95B9F /* Sources */,
				74448D261BAAE3A100B95B9F /* Frameworks */,
				74448D271BAAE3A100B95B9F /* Resources */,
				8BE506963FE3583BE6BA86CA /* Copy Pods Resources */,
				4E9C04805335EF2D46EB95FD /* Embed Pods Frameworks */,
			);
			buildRules = (
			);
			dependencies = (
			);
			name = PlanBoardDemo;
			productName = PlanBoardDemo;
			productReference = 74448D291BAAE3A100B95B9F /* PlanBoardDemo.app */;
			productType = "com.apple.product-type.application";
		};
		74448D411BAAE3A100B95B9F /* PlanBoardDemoTests */ = {
			isa = PBXNativeTarget;
			buildConfigurationList = 74448D4F1BAAE3A100B95B9F /* Build configuration list for PBXNativeTarget "PlanBoardDemoTests" */;
			buildPhases = (
				74448D3E1BAAE3A100B95B9F /* Sources */,
				74448D3F1BAAE3A100B95B9F /* Frameworks */,
				74448D401BAAE3A100B95B9F /* Resources */,
			);
			buildRules = (
			);
			dependencies = (
				74448D441BAAE3A100B95B9F /* PBXTargetDependency */,
			);
			name = PlanBoardDemoTests;
			productName = PlanBoardDemoTests;
			productReference = 74448D421BAAE3A100B95B9F /* PlanBoardDemoTests.xctest */;
			productType = "com.apple.product-type.bundle.unit-test";
		};
/* End PBXNativeTarget section */

/* Begin PBXProject section */
		74448D211BAAE3A100B95B9F /* Project object */ = {
			isa = PBXProject;
			attributes = {
				LastUpgradeCheck = 0700;
				ORGANIZATIONNAME = OMGDER;
				TargetAttributes = {
					74448D281BAAE3A100B95B9F = {
						CreatedOnToolsVersion = 6.4;
						DevelopmentTeam = 2FS2946624;
					};
					74448D411BAAE3A100B95B9F = {
						CreatedOnToolsVersion = 6.4;
						TestTargetID = 74448D281BAAE3A100B95B9F;
					};
				};
			};
			buildConfigurationList = 74448D241BAAE3A100B95B9F /* Build configuration list for PBXProject "PlanBoardDemo" */;
			compatibilityVersion = "Xcode 3.2";
			developmentRegion = English;
			hasScannedForEncodings = 0;
			knownRegions = (
				en,
				Base,
			);
			mainGroup = 74448D201BAAE3A100B95B9F;
			productRefGroup = 74448D2A1BAAE3A100B95B9F /* Products */;
			projectDirPath = "";
			projectRoot = "";
			targets = (
				74448D281BAAE3A100B95B9F /* PlanBoardDemo */,
				74448D411BAAE3A100B95B9F /* PlanBoardDemoTests */,
			);
		};
/* End PBXProject section */

/* Begin PBXResourcesBuildPhase section */
		74448D271BAAE3A100B95B9F /* Resources */ = {
			isa = PBXResourcesBuildPhase;
			buildActionMask = 2147483647;
			files = (
				74448DE51BAC02AD00B95B9F /* icon_undo.png in Resources */,
				74074A991C181BAF00F6023B /* PlanBoardStoryBoard.storyboard in Resources */,
				74448DE41BAC02AD00B95B9F /* icon_stopRecord.png in Resources */,
				74448DE71BAC02AD00B95B9F /* blueShirt.png in Resources */,
				74448DE21BAC02AD00B95B9F /* icon_record.png in Resources */,
				74448DDF1BAC02AD00B95B9F /* icon_desc_our.png in Resources */,
				74448DE81BAC02AD00B95B9F /* redShirt.png in Resources */,
				74448D3D1BAAE3A100B95B9F /* LaunchScreen.xib in Resources */,
				74448D3A1BAAE3A100B95B9F /* Images.xcassets in Resources */,
				74074AB01C188DAC00F6023B /* LoginTableViewController.xib in Resources */,
				74448DE61BAC02AD00B95B9F /* img_playGround.jpg in Resources */,
				748D28971BC2AB7B00C39DE6 /* RegisterInformationViewController.xib in Resources */,
				748D28781BC16CA500C39DE6 /* lanchvide.mp4 in Resources */,
				74448DE01BAC02AD00B95B9F /* icon_football.png in Resources */,
				748D287D1BC1A9A200C39DE6 /* RegisterViewController.xib in Resources */,
				74448DDB1BAC02AD00B95B9F /* icon_add_against.png in Resources */,
				74448DDE1BAC02AD00B95B9F /* icon_desc_against.png in Resources */,
				74448DE11BAC02AD00B95B9F /* icon_Pan.png in Resources */,
				74448DDD1BAC02AD00B95B9F /* icon_addPlayer.png in Resources */,
				74074ABA1C18977000F6023B /* PasswordTableViewCell.xib in Resources */,
				7450576F1BBFD19C0069A2AF /* FirstGuideViewController.xib in Resources */,
				74448DDC1BAC02AD00B95B9F /* icon_add_our.png in Resources */,
				74074AB51C18975600F6023B /* UserNameTableViewCell.xib in Resources */,
				74448DE31BAC02AD00B95B9F /* icon_redo.png in Resources */,
				74448DA91BAC027400B95B9F /* Default-568h@2x.png in Resources */,
			);
			runOnlyForDeploymentPostprocessing = 0;
		};
		74448D401BAAE3A100B95B9F /* Resources */ = {
			isa = PBXResourcesBuildPhase;
			buildActionMask = 2147483647;
			files = (
			);
			runOnlyForDeploymentPostprocessing = 0;
		};
/* End PBXResourcesBuildPhase section */

/* Begin PBXShellScriptBuildPhase section */
		4E9C04805335EF2D46EB95FD /* Embed Pods Frameworks */ = {
			isa = PBXShellScriptBuildPhase;
			buildActionMask = 2147483647;
			files = (
			);
			inputPaths = (
			);
			name = "Embed Pods Frameworks";
			outputPaths = (
			);
			runOnlyForDeploymentPostprocessing = 0;
			shellPath = /bin/sh;
			shellScript = "\"${SRCROOT}/Pods/Target Support Files/Pods/Pods-frameworks.sh\"\n";
			showEnvVarsInLog = 0;
		};
		7106F3961FF85BA30D2DD3FC /* Check Pods Manifest.lock */ = {
			isa = PBXShellScriptBuildPhase;
			buildActionMask = 2147483647;
			files = (
			);
			inputPaths = (
			);
			name = "Check Pods Manifest.lock";
			outputPaths = (
			);
			runOnlyForDeploymentPostprocessing = 0;
			shellPath = /bin/sh;
			shellScript = "diff \"${PODS_ROOT}/../Podfile.lock\" \"${PODS_ROOT}/Manifest.lock\" > /dev/null\nif [[ $? != 0 ]] ; then\n    cat << EOM\nerror: The sandbox is not in sync with the Podfile.lock. Run 'pod install' or update your CocoaPods installation.\nEOM\n    exit 1\nfi\n";
			showEnvVarsInLog = 0;
		};
		8BE506963FE3583BE6BA86CA /* Copy Pods Resources */ = {
			isa = PBXShellScriptBuildPhase;
			buildActionMask = 2147483647;
			files = (
			);
			inputPaths = (
			);
			name = "Copy Pods Resources";
			outputPaths = (
			);
			runOnlyForDeploymentPostprocessing = 0;
			shellPath = /bin/sh;
			shellScript = "\"${SRCROOT}/Pods/Target Support Files/Pods/Pods-resources.sh\"\n";
			showEnvVarsInLog = 0;
		};
/* End PBXShellScriptBuildPhase section */

/* Begin PBXSourcesBuildPhase section */
		74448D251BAAE3A100B95B9F /* Sources */ = {
			isa = PBXSourcesBuildPhase;
			buildActionMask = 2147483647;
			files = (
				74448D351BAAE3A100B95B9F /* ViewController.m in Sources */,
				74448DD91BAC02AD00B95B9F /* RCDraggableButton.m in Sources */,
				74074AA11C18287400F6023B /* MatchListViewController.m in Sources */,
				74B9B6201BC673A600599F19 /* XLReachabilityHelper.m in Sources */,
				74B9B6251BC6DD3500599F19 /* LoginNetDAO.m in Sources */,
				74448DEA1BAC02AD00B95B9F /* THCapture.m in Sources */,
				74074AB91C18977000F6023B /* PasswordTableViewCell.m in Sources */,
				74448DE91BAC02AD00B95B9F /* RecordManager.m in Sources */,
				74448DEB1BAC02AD00B95B9F /* THCaptureUtilities.m in Sources */,
				74448D321BAAE3A100B95B9F /* AppDelegate.m in Sources */,
				74B9B6281BC6F81300599F19 /* registManager.m in Sources */,
				74B9B6141BC6660600599F19 /* HttpHelper.m in Sources */,
				74448DD51BAC02AD00B95B9F /* ACEDrawingView.m in Sources */,
				74448DD41BAC02AD00B95B9F /* ACEDrawingTools.m in Sources */,
				74448D2F1BAAE3A100B95B9F /* main.m in Sources */,
				744A37741BC3EB3F0007AB29 /* CALayer+ColorFromUIColor.m in Sources */,
				745057661BBD69FE0069A2AF /* AppServerConfig.m in Sources */,
				74448DD71BAC02AD00B95B9F /* HMSideMenu.m in Sources */,
				74448DD81BAC02AD00B95B9F /* PlayersManager.m in Sources */,
				74074AAA1C18334400F6023B /* RootTabBarViewController.m in Sources */,
				748D287C1BC1A9A200C39DE6 /* RegisterViewController.m in Sources */,
				745057741BC011B30069A2AF /* ModuleRouter.m in Sources */,
				74074AAF1C188DAC00F6023B /* LoginTableViewController.m in Sources */,
				74F6E57B1BCD34C500972DB0 /* XLHttpHelper.m in Sources */,
				74074AB41C18975600F6023B /* UserNameTableViewCell.m in Sources */,
				74F6E56C1BCA499800972DB0 /* RegistInfoEntity.m in Sources */,
				74074AA71C18313000F6023B /* PBNavigationViewController.m in Sources */,
				744A37851BC5178C0007AB29 /* NSString+Extend.m in Sources */,
				74B9B6151BC6660600599F19 /* HttpHelper+AFNetworking.m in Sources */,
				74448DD61BAC02AD00B95B9F /* LZXAudioRecordAndTransCoding.m in Sources */,
				74448DDA1BAC02AD00B95B9F /* PlayGroundViewController.m in Sources */,
				7450576E1BBFD19C0069A2AF /* FirstGuideViewController.m in Sources */,
				74B9B61F1BC673A600599F19 /* Reachability.m in Sources */,
				748D28961BC2AB7B00C39DE6 /* RegisterInformationViewController.m in Sources */,
			);
			runOnlyForDeploymentPostprocessing = 0;
		};
		74448D3E1BAAE3A100B95B9F /* Sources */ = {
			isa = PBXSourcesBuildPhase;
			buildActionMask = 2147483647;
			files = (
				74448D491BAAE3A100B95B9F /* PlanBoardDemoTests.m in Sources */,
			);
			runOnlyForDeploymentPostprocessing = 0;
		};
/* End PBXSourcesBuildPhase section */

/* Begin PBXTargetDependency section */
		74448D441BAAE3A100B95B9F /* PBXTargetDependency */ = {
			isa = PBXTargetDependency;
			target = 74448D281BAAE3A100B95B9F /* PlanBoardDemo */;
			targetProxy = 74448D431BAAE3A100B95B9F /* PBXContainerItemProxy */;
		};
/* End PBXTargetDependency section */

/* Begin PBXVariantGroup section */
		74448D3B1BAAE3A100B95B9F /* LaunchScreen.xib */ = {
			isa = PBXVariantGroup;
			children = (
				74448D3C1BAAE3A100B95B9F /* Base */,
			);
			name = LaunchScreen.xib;
			sourceTree = "<group>";
		};
/* End PBXVariantGroup section */

/* Begin XCBuildConfiguration section */
		74448D4A1BAAE3A100B95B9F /* Debug */ = {
			isa = XCBuildConfiguration;
			buildSettings = {
				ALWAYS_SEARCH_USER_PATHS = NO;
				CLANG_CXX_LANGUAGE_STANDARD = "gnu++0x";
				CLANG_CXX_LIBRARY = "libc++";
				CLANG_ENABLE_MODULES = YES;
				CLANG_ENABLE_OBJC_ARC = YES;
				CLANG_WARN_BOOL_CONVERSION = YES;
				CLANG_WARN_CONSTANT_CONVERSION = YES;
				CLANG_WARN_DIRECT_OBJC_ISA_USAGE = YES_ERROR;
				CLANG_WARN_EMPTY_BODY = YES;
				CLANG_WARN_ENUM_CONVERSION = YES;
				CLANG_WARN_INT_CONVERSION = YES;
				CLANG_WARN_OBJC_ROOT_CLASS = YES_ERROR;
				CLANG_WARN_UNREACHABLE_CODE = YES;
				CLANG_WARN__DUPLICATE_METHOD_MATCH = YES;
				CODE_SIGN_IDENTITY = "iPhone Distribution";
				"CODE_SIGN_IDENTITY[sdk=iphoneos*]" = "iPhone Distribution";
				COPY_PHASE_STRIP = NO;
				DEBUG_INFORMATION_FORMAT = "dwarf-with-dsym";
				ENABLE_STRICT_OBJC_MSGSEND = YES;
				ENABLE_TESTABILITY = YES;
				GCC_C_LANGUAGE_STANDARD = gnu89;
				GCC_DYNAMIC_NO_PIC = NO;
				GCC_NO_COMMON_BLOCKS = YES;
				GCC_OPTIMIZATION_LEVEL = 0;
				GCC_PREPROCESSOR_DEFINITIONS = (
					"DEBUG=1",
					"$(inherited)",
				);
				GCC_SYMBOLS_PRIVATE_EXTERN = NO;
				GCC_WARN_64_TO_32_BIT_CONVERSION = YES;
				GCC_WARN_ABOUT_RETURN_TYPE = YES_ERROR;
				GCC_WARN_UNDECLARED_SELECTOR = YES;
				GCC_WARN_UNINITIALIZED_AUTOS = YES_AGGRESSIVE;
				GCC_WARN_UNUSED_FUNCTION = YES;
				GCC_WARN_UNUSED_VARIABLE = YES;
				IPHONEOS_DEPLOYMENT_TARGET = 7.1;
				MTL_ENABLE_DEBUG_INFO = YES;
				ONLY_ACTIVE_ARCH = YES;
				SDKROOT = iphoneos;
				TARGETED_DEVICE_FAMILY = "1,2";
			};
			name = Debug;
		};
		74448D4B1BAAE3A100B95B9F /* Release */ = {
			isa = XCBuildConfiguration;
			buildSettings = {
				ALWAYS_SEARCH_USER_PATHS = NO;
				CLANG_CXX_LANGUAGE_STANDARD = "gnu++0x";
				CLANG_CXX_LIBRARY = "libc++";
				CLANG_ENABLE_MODULES = YES;
				CLANG_ENABLE_OBJC_ARC = YES;
				CLANG_WARN_BOOL_CONVERSION = YES;
				CLANG_WARN_CONSTANT_CONVERSION = YES;
				CLANG_WARN_DIRECT_OBJC_ISA_USAGE = YES_ERROR;
				CLANG_WARN_EMPTY_BODY = YES;
				CLANG_WARN_ENUM_CONVERSION = YES;
				CLANG_WARN_INT_CONVERSION = YES;
				CLANG_WARN_OBJC_ROOT_CLASS = YES_ERROR;
				CLANG_WARN_UNREACHABLE_CODE = YES;
				CLANG_WARN__DUPLICATE_METHOD_MATCH = YES;
				CODE_SIGN_IDENTITY = "iPhone Distribution";
				"CODE_SIGN_IDENTITY[sdk=iphoneos*]" = "iPhone Distribution";
				COPY_PHASE_STRIP = NO;
				DEBUG_INFORMATION_FORMAT = "dwarf-with-dsym";
				ENABLE_NS_ASSERTIONS = NO;
				ENABLE_STRICT_OBJC_MSGSEND = YES;
				GCC_C_LANGUAGE_STANDARD = gnu89;
				GCC_NO_COMMON_BLOCKS = YES;
				GCC_WARN_64_TO_32_BIT_CONVERSION = YES;
				GCC_WARN_ABOUT_RETURN_TYPE = YES_ERROR;
				GCC_WARN_UNDECLARED_SELECTOR = YES;
				GCC_WARN_UNINITIALIZED_AUTOS = YES_AGGRESSIVE;
				GCC_WARN_UNUSED_FUNCTION = YES;
				GCC_WARN_UNUSED_VARIABLE = YES;
				IPHONEOS_DEPLOYMENT_TARGET = 7.1;
				MTL_ENABLE_DEBUG_INFO = NO;
				ONLY_ACTIVE_ARCH = NO;
				SDKROOT = iphoneos;
				TARGETED_DEVICE_FAMILY = "1,2";
				VALIDATE_PRODUCT = YES;
			};
			name = Release;
		};
		74448D4D1BAAE3A100B95B9F /* Debug */ = {
			isa = XCBuildConfiguration;
			baseConfigurationReference = 6E65225AF8FD485D9AA4094B /* Pods.debug.xcconfig */;
			buildSettings = {
				ASSETCATALOG_COMPILER_APPICON_NAME = AppIcon;
				ASSETCATALOG_COMPILER_LAUNCHIMAGE_NAME = BrandAsset;
				CODE_SIGN_IDENTITY = "iPhone Developer";
				"CODE_SIGN_IDENTITY[sdk=iphoneos*]" = "iPhone Developer";
				ENABLE_BITCODE = NO;
				INFOPLIST_FILE = PlanBoardDemo/Info.plist;
				IPHONEOS_DEPLOYMENT_TARGET = 7.1;
				LD_RUNPATH_SEARCH_PATHS = "$(inherited) @executable_path/Frameworks";
				LIBRARY_SEARCH_PATHS = (
					"$(inherited)",
					"$(PROJECT_DIR)",
					"$(PROJECT_DIR)/",
				);
				PRODUCT_BUNDLE_IDENTIFIER = com.bird.lvyinchang;
				PRODUCT_NAME = "$(TARGET_NAME)";
				PROVISIONING_PROFILE = "";
			};
			name = Debug;
		};
		74448D4E1BAAE3A100B95B9F /* Release */ = {
			isa = XCBuildConfiguration;
			baseConfigurationReference = 852B470416C3D968F65D357F /* Pods.release.xcconfig */;
			buildSettings = {
				ASSETCATALOG_COMPILER_APPICON_NAME = AppIcon;
				ASSETCATALOG_COMPILER_LAUNCHIMAGE_NAME = BrandAsset;
				CODE_SIGN_IDENTITY = "iPhone Developer";
				"CODE_SIGN_IDENTITY[sdk=iphoneos*]" = "iPhone Developer";
				ENABLE_BITCODE = NO;
				INFOPLIST_FILE = PlanBoardDemo/Info.plist;
				IPHONEOS_DEPLOYMENT_TARGET = 7.1;
				LD_RUNPATH_SEARCH_PATHS = "$(inherited) @executable_path/Frameworks";
				LIBRARY_SEARCH_PATHS = (
					"$(inherited)",
					"$(PROJECT_DIR)",
				);
				PRODUCT_BUNDLE_IDENTIFIER = com.bird.lvyinchang;
				PRODUCT_NAME = "$(TARGET_NAME)";
				PROVISIONING_PROFILE = "";
			};
			name = Release;
		};
		74448D501BAAE3A100B95B9F /* Debug */ = {
			isa = XCBuildConfiguration;
			buildSettings = {
				BUNDLE_LOADER = "$(TEST_HOST)";
				FRAMEWORK_SEARCH_PATHS = (
					"$(SDKROOT)/Developer/Library/Frameworks",
					"$(inherited)",
				);
				GCC_PREPROCESSOR_DEFINITIONS = (
					"DEBUG=1",
					"$(inherited)",
				);
				INFOPLIST_FILE = PlanBoardDemoTests/Info.plist;
				LD_RUNPATH_SEARCH_PATHS = "$(inherited) @executable_path/Frameworks @loader_path/Frameworks";
				PRODUCT_BUNDLE_IDENTIFIER = "com.soccerboy.$(PRODUCT_NAME:rfc1034identifier)";
				PRODUCT_NAME = "$(TARGET_NAME)";
				TEST_HOST = "$(BUILT_PRODUCTS_DIR)/PlanBoardDemo.app/PlanBoardDemo";
			};
			name = Debug;
		};
		74448D511BAAE3A100B95B9F /* Release */ = {
			isa = XCBuildConfiguration;
			buildSettings = {
				BUNDLE_LOADER = "$(TEST_HOST)";
				FRAMEWORK_SEARCH_PATHS = (
					"$(SDKROOT)/Developer/Library/Frameworks",
					"$(inherited)",
				);
				INFOPLIST_FILE = PlanBoardDemoTests/Info.plist;
				LD_RUNPATH_SEARCH_PATHS = "$(inherited) @executable_path/Frameworks @loader_path/Frameworks";
				PRODUCT_BUNDLE_IDENTIFIER = "com.soccerboy.$(PRODUCT_NAME:rfc1034identifier)";
				PRODUCT_NAME = "$(TARGET_NAME)";
				TEST_HOST = "$(BUILT_PRODUCTS_DIR)/PlanBoardDemo.app/PlanBoardDemo";
			};
			name = Release;
		};
/* End XCBuildConfiguration section */

/* Begin XCConfigurationList section */
		74448D241BAAE3A100B95B9F /* Build configuration list for PBXProject "PlanBoardDemo" */ = {
			isa = XCConfigurationList;
			buildConfigurations = (
				74448D4A1BAAE3A100B95B9F /* Debug */,
				74448D4B1BAAE3A100B95B9F /* Release */,
			);
			defaultConfigurationIsVisible = 0;
			defaultConfigurationName = Release;
		};
		74448D4C1BAAE3A100B95B9F /* Build configuration list for PBXNativeTarget "PlanBoardDemo" */ = {
			isa = XCConfigurationList;
			buildConfigurations = (
				74448D4D1BAAE3A100B95B9F /* Debug */,
				74448D4E1BAAE3A100B95B9F /* Release */,
			);
			defaultConfigurationIsVisible = 0;
			defaultConfigurationName = Release;
		};
		74448D4F1BAAE3A100B95B9F /* Build configuration list for PBXNativeTarget "PlanBoardDemoTests" */ = {
			isa = XCConfigurationList;
			buildConfigurations = (
				74448D501BAAE3A100B95B9F /* Debug */,
				74448D511BAAE3A100B95B9F /* Release */,
			);
			defaultConfigurationIsVisible = 0;
			defaultConfigurationName = Release;
		};
/* End XCConfigurationList section */
	};
	rootObject = 74448D211BAAE3A100B95B9F /* Project object */;
}
